Microsoft Visual Studio Solution File, Format Version 12.00
# Visual Studio Version 17
VisualStudioVersion = 17.5.2.0
MinimumVisualStudioVersion = 10.0.40219.1
Project("{FAE04EC0-301F-11D3-BF4B-00C04F79EFBC}") = "SMARTMOB_PANTAREI_BACK", "SMARTMOB_PANTAREI_BACK.csproj", "{498BA698-38DC-82F4-0EA7-9C4D37823B00}"
EndProject
Global
	GlobalSection(SolutionConfigurationPlatforms) = preSolution
		Debug|Any CPU = Debug|Any CPU
		Release|Any CPU = Release|Any CPU
	EndGlobalSection
	GlobalSection(ProjectConfigurationPlatforms) = postSolution
		{498BA698-38DC-82F4-0EA7-9C4D37823B00}.Debug|Any CPU.ActiveCfg = Debug|Any CPU
		{498BA698-38DC-82F4-0EA7-9C4D37823B00}.Debug|Any CPU.Build.0 = Debug|Any CPU
		{498BA698-38DC-82F4-0EA7-9C4D37823B00}.Release|Any CPU.ActiveCfg = Release|Any CPU
		{498BA698-38DC-82F4-0EA7-9C4D37823B00}.Release|Any CPU.Build.0 = Release|Any CPU
	EndGlobalSection
	GlobalSection(SolutionProperties) = preSolution
		HideSolutionNode = FALSE
	EndGlobalSection
	GlobalSection(ExtensibilityGlobals) = postSolution
		SolutionGuid = {A1BF1400-1FFA-49FD-9F88-15266E010A28}
	EndGlobalSection
EndGlobal
